
Microsoft Visual Studio Solution File, Format Version 11.00
# Visual Studio 2010
Project("{FAE04EC0-301F-11D3-BF4B-00C04F79EFBC}") = "Assembly-CSharp", "Assembly-CSharp.csproj", "{6fa5aada-1075-9e9d-5631-ff8c2087fe24}"
EndProject
Project("{FAE04EC0-301F-11D3-BF4B-00C04F79EFBC}") = "Assembly-CSharp-Editor", "Assembly-CSharp-Editor.csproj", "{cf903dda-e275-e2f1-a25c-52a1e582bf9b}"
EndProject
Global
	GlobalSection(SolutionConfigurationPlatforms) = preSolution
		Debug|Any CPU = Debug|Any CPU
	EndGlobalSection
	GlobalSection(ProjectConfigurationPlatforms) = postSolution
		{6fa5aada-1075-9e9d-5631-ff8c2087fe24}.Debug|Any CPU.ActiveCfg = Debug|Any CPU
		{6fa5aada-1075-9e9d-5631-ff8c2087fe24}.Debug|Any CPU.Build.0 = Debug|Any CPU
		{cf903dda-e275-e2f1-a25c-52a1e582bf9b}.Debug|Any CPU.ActiveCfg = Debug|Any CPU
		{cf903dda-e275-e2f1-a25c-52a1e582bf9b}.Debug|Any CPU.Build.0 = Debug|Any CPU
	EndGlobalSection
	GlobalSection(SolutionProperties) = preSolution
		HideSolutionNode = FALSE
	EndGlobalSection
EndGlobal
